// !$*UTF8*$!
{
	archiveVersion = 1;
	classes = {
	};
	objectVersion = 46;
	objects = {

/* Begin PBXBuildFile section */
		3B64991A1E111F8A00030346 /* AppDelegate.swift in Sources */ = {isa = PBXBuildFile; fileRef = 3B6499191E111F8A00030346 /* AppDelegate.swift */; };
		3B64991C1E111F8A00030346 /* ViewController.swift in Sources */ = {isa = PBXBuildFile; fileRef = 3B64991B1E111F8A00030346 /* ViewController.swift */; };
		3B64991F1E111F8A00030346 /* Main.storyboard in Resources */ = {isa = PBXBuildFile; fileRef = 3B64991D1E111F8A00030346 /* Main.storyboard */; };
		3B6499211E111F8A00030346 /* Assets.xcassets in Resources */ = {isa = PBXBuildFile; fileRef = 3B6499201E111F8A00030346 /* Assets.xcassets */; };
		3B6499241E111F8A00030346 /* LaunchScreen.storyboard in Resources */ = {isa = PBXBuildFile; fileRef = 3B6499221E111F8A00030346 /* LaunchScreen.storyboard */; };
		3B6499351E111FA300030346 /* String+Extension.swift in Sources */ = {isa = PBXBuildFile; fileRef = 3B64992C1E111FA300030346 /* String+Extension.swift */; };
		3B6499361E111FA300030346 /* UIButton+Extension.swift in Sources */ = {isa = PBXBuildFile; fileRef = 3B64992D1E111FA300030346 /* UIButton+Extension.swift */; };
		3B6499371E111FA300030346 /* UIColor+Extension.swift in Sources */ = {isa = PBXBuildFile; fileRef = 3B64992E1E111FA300030346 /* UIColor+Extension.swift */; };
		3B6499381E111FA300030346 /* UIFont+Extension.swift in Sources */ = {isa = PBXBuildFile; fileRef = 3B64992F1E111FA300030346 /* UIFont+Extension.swift */; };
		3B6499391E111FA300030346 /* UIImage+Extension.swift in Sources */ = {isa = PBXBuildFile; fileRef = 3B6499301E111FA300030346 /* UIImage+Extension.swift */; };
		3B64993A1E111FA300030346 /* UILabel+Extension.swift in Sources */ = {isa = PBXBuildFile; fileRef = 3B6499311E111FA300030346 /* UILabel+Extension.swift */; };
		3B64993B1E111FA300030346 /* UITextField+Extension.swift in Sources */ = {isa = PBXBuildFile; fileRef = 3B6499321E111FA300030346 /* UITextField+Extension.swift */; };
		3B64993C1E111FA300030346 /* UITextView+Extension.swift in Sources */ = {isa = PBXBuildFile; fileRef = 3B6499331E111FA300030346 /* UITextView+Extension.swift */; };
		3B64993D1E111FA300030346 /* UIView+Extension.swift in Sources */ = {isa = PBXBuildFile; fileRef = 3B6499341E111FA300030346 /* UIView+Extension.swift */; };
		3B6499421E11319200030346 /* ZeroExtension.swift in Sources */ = {isa = PBXBuildFile; fileRef = 3B6499411E11319200030346 /* ZeroExtension.swift */; };
/* End PBXBuildFile section */

/* Begin PBXFileReference section */
		3B6499161E111F8A00030346 /* ZeroExtension.app */ = {isa = PBXFileReference; explicitFileType = wrapper.application; includeInIndex = 0; path = ZeroExtension.app; sourceTree = BUILT_PRODUCTS_DIR; };
		3B6499191E111F8A00030346 /* AppDelegate.swift */ = {isa = PBXFileReference; lastKnownFileType = sourcecode.swift; path = AppDelegate.swift; sourceTree = "<group>"; };
		3B64991B1E111F8A00030346 /* ViewController.swift */ = {isa = PBXFileReference; lastKnownFileType = sourcecode.swift; path = ViewController.swift; sourceTree = "<group>"; };
		3B64991E1E111F8A00030346 /* Base */ = {isa = PBXFileReference; lastKnownFileType = file.storyboard; name = Base; path = Base.lproj/Main.storyboard; sourceTree = "<group>"; };
		3B6499201E111F8A00030346 /* Assets.xcassets */ = {isa = PBXFileReference; lastKnownFileType = folder.assetcatalog; path = Assets.xcassets; sourceTree = "<group>"; };
		3B6499231E111F8A00030346 /* Base */ = {isa = PBXFileReference; lastKnownFileType = file.storyboard; name = Base; path = Base.lproj/LaunchScreen.storyboard; sourceTree = "<group>"; };
		3B6499251E111F8A00030346 /* Info.plist */ = {isa = PBXFileReference; lastKnownFileType = text.plist.xml; path = Info.plist; sourceTree = "<group>"; };
		3B64992C1E111FA300030346 /* String+Extension.swift */ = {isa = PBXFileReference; fileEncoding = 4; lastKnownFileType = sourcecode.swift; path = "String+Extension.swift"; sourceTree = "<group>"; };
		3B64992D1E111FA300030346 /* UIButton+Extension.swift */ = {isa = PBXFileReference; fileEncoding = 4; lastKnownFileType = sourcecode.swift; path = "UIButton+Extension.swift"; sourceTree = "<group>"; };
		3B64992E1E111FA300030346 /* UIColor+Extension.swift */ = {isa = PBXFileReference; fileEncoding = 4; lastKnownFileType = sourcecode.swift; path = "UIColor+Extension.swift"; sourceTree = "<group>"; };
		3B64992F1E111FA300030346 /* UIFont+Extension.swift */ = {isa = PBXFileReference; fileEncoding = 4; lastKnownFileType = sourcecode.swift; path = "UIFont+Extension.swift"; sourceTree = "<group>"; };
		3B6499301E111FA300030346 /* UIImage+Extension.swift */ = {isa = PBXFileReference; fileEncoding = 4; lastKnownFileType = sourcecode.swift; path = "UIImage+Extension.swift"; sourceTree = "<group>"; };
		3B6499311E111FA300030346 /* UILabel+Extension.swift */ = {isa = PBXFileReference; fileEncoding = 4; lastKnownFileType = sourcecode.swift; path = "UILabel+Extension.swift"; sourceTree = "<group>"; };
		3B6499321E111FA300030346 /* UITextField+Extension.swift */ = {isa = PBXFileReference; fileEncoding = 4; lastKnownFileType = sourcecode.swift; path = "UITextField+Extension.swift"; sourceTree = "<group>"; };
		3B6499331E111FA300030346 /* UITextView+Extension.swift */ = {isa = PBXFileReference; fileEncoding = 4; lastKnownFileType = sourcecode.swift; path = "UITextView+Extension.swift"; sourceTree = "<group>"; };
		3B6499341E111FA300030346 /* UIView+Extension.swift */ = {isa = PBXFileReference; fileEncoding = 4; lastKnownFileType = sourcecode.swift; path = "UIView+Extension.swift"; sourceTree = "<group>"; };
		3B6499411E11319200030346 /* ZeroExtension.swift */ = {isa = PBXFileReference; fileEncoding = 4; lastKnownFileType = sourcecode.swift; path = ZeroExtension.swift; sourceTree = "<group>"; };
		3B6499431E11319900030346 /* ZeroExtension.h */ = {isa = PBXFileReference; lastKnownFileType = sourcecode.c.h; path = ZeroExtension.h; sourceTree = "<group>"; };
/* End PBXFileReference section */

/* Begin PBXFrameworksBuildPhase section */
		3B6499131E111F8A00030346 /* Frameworks */ = {
			isa = PBXFrameworksBuildPhase;
			buildActionMask = 2147483647;
			files = (
			);
			runOnlyForDeploymentPostprocessing = 0;
		};
/* End PBXFrameworksBuildPhase section */

/* Begin PBXGroup section */
		3B64990D1E111F8A00030346 = {
			isa = PBXGroup;
			children = (
				3B6499181E111F8A00030346 /* ZeroExtension */,
				3B6499171E111F8A00030346 /* Products */,
			);
			sourceTree = "<group>";
		};
		3B6499171E111F8A00030346 /* Products */ = {
			isa = PBXGroup;
			children = (
				3B6499161E111F8A00030346 /* ZeroExtension.app */,
			);
			name = Products;
			sourceTree = "<group>";
		};
		3B6499181E111F8A00030346 /* ZeroExtension */ = {
			isa = PBXGroup;
			children = (
				3B64992B1E111FA300030346 /* Extension */,
				3B6499191E111F8A00030346 /* AppDelegate.swift */,
				3B64991B1E111F8A00030346 /* ViewController.swift */,
				3B6499411E11319200030346 /* ZeroExtension.swift */,
				3B6499431E11319900030346 /* ZeroExtension.h */,
				3B64991D1E111F8A00030346 /* Main.storyboard */,
				3B6499201E111F8A00030346 /* Assets.xcassets */,
				3B6499221E111F8A00030346 /* LaunchScreen.storyboard */,
				3B6499251E111F8A00030346 /* Info.plist */,
			);
			path = ZeroExtension;
			sourceTree = "<group>";
		};
		3B64992B1E111FA300030346 /* Extension */ = {
			isa = PBXGroup;
			children = (
				3B64992C1E111FA300030346 /* String+Extension.swift */,
				3B64992D1E111FA300030346 /* UIButton+Extension.swift */,
				3B64992E1E111FA300030346 /* UIColor+Extension.swift */,
				3B64992F1E111FA300030346 /* UIFont+Extension.swift */,
				3B6499301E111FA300030346 /* UIImage+Extension.swift */,
				3B6499311E111FA300030346 /* UILabel+Extension.swift */,
				3B6499321E111FA300030346 /* UITextField+Extension.swift */,
				3B6499331E111FA300030346 /* UITextView+Extension.swift */,
				3B6499341E111FA300030346 /* UIView+Extension.swift */,
			);
			path = Extension;
			sourceTree = "<group>";
		};
/* End PBXGroup section */

/* Begin PBXNativeTarget section */
		3B6499151E111F8A00030346 /* ZeroExtension */ = {
			isa = PBXNativeTarget;
			buildConfigurationList = 3B6499281E111F8A00030346 /* Build configuration list for PBXNativeTarget "ZeroExtension" */;
			buildPhases = (
				3B6499121E111F8A00030346 /* Sources */,
				3B6499131E111F8A00030346 /* Frameworks */,
				3B6499141E111F8A00030346 /* Resources */,
			);
			buildRules = (
			);
			dependencies = (
			);
			name = ZeroExtension;
			productName = ZeroExtension;
			productReference = 3B6499161E111F8A00030346 /* ZeroExtension.app */;
			productType = "com.apple.product-type.application";
		};
/* End PBXNativeTarget section */

/* Begin PBXProject section */
		3B64990E1E111F8A00030346 /* Project object */ = {
			isa = PBXProject;
			attributes = {
				LastSwiftUpdateCheck = 0820;
				LastUpgradeCheck = 0820;
				ORGANIZATIONNAME = Zero;
				TargetAttributes = {
					3B6499151E111F8A00030346 = {
						CreatedOnToolsVersion = 8.2.1;
						ProvisioningStyle = Automatic;
					};
				};
			};
			buildConfigurationList = 3B6499111E111F8A00030346 /* Build configuration list for PBXProject "ZeroExtension" */;
			compatibilityVersion = "Xcode 3.2";
			developmentRegion = English;
			hasScannedForEncodings = 0;
			knownRegions = (
				en,
				Base,
			);
			mainGroup = 3B64990D1E111F8A00030346;
			productRefGroup = 3B6499171E111F8A00030346 /* Products */;
			projectDirPath = "";
			projectRoot = "";
			targets = (
				3B6499151E111F8A00030346 /* ZeroExtension */,
			);
		};
/* End PBXProject section */

/* Begin PBXResourcesBuildPhase section */
		3B6499141E111F8A00030346 /* Resources */ = {
			isa = PBXResourcesBuildPhase;
			buildActionMask = 2147483647;
			files = (
				3B6499241E111F8A00030346 /* LaunchScreen.storyboard in Resources */,
				3B6499211E111F8A00030346 /* Assets.xcassets in Resources */,
				3B64991F1E111F8A00030346 /* Main.storyboard in Resources */,
			);
			runOnlyForDeploymentPostprocessing = 0;
		};
/* End PBXResourcesBuildPhase section */

/* Begin PBXSourcesBuildPhase section */
		3B6499121E111F8A00030346 /* Sources */ = {
			isa = PBXSourcesBuildPhase;
			buildActionMask = 2147483647;
			files = (
				3B64993D1E111FA300030346 /* UIView+Extension.swift in Sources */,
				3B64993B1E111FA300030346 /* UITextField+Extension.swift in Sources */,
				3B64993A1E111FA300030346 /* UILabel+Extension.swift in Sources */,
				3B6499421E11319200030346 /* ZeroExtension.swift in Sources */,
				3B6499381E111FA300030346 /* UIFont+Extension.swift in Sources */,
				3B64993C1E111FA300030346 /* UITextView+Extension.swift in Sources */,
				3B6499391E111FA300030346 /* UIImage+Extension.swift in Sources */,
				3B64991C1E111F8A00030346 /* ViewController.swift in Sources */,
				3B6499361E111FA300030346 /* UIButton+Extension.swift in Sources */,
				3B6499351E111FA300030346 /* String+Extension.swift in Sources */,
				3B64991A1E111F8A00030346 /* AppDelegate.swift in Sources */,
				3B6499371E111FA300030346 /* UIColor+Extension.swift in Sources */,
			);
			runOnlyForDeploymentPostprocessing = 0;
		};
/* End PBXSourcesBuildPhase section */

/* Begin PBXVariantGroup section */
		3B64991D1E111F8A00030346 /* Main.storyboard */ = {
			isa = PBXVariantGroup;
			children = (
				3B64991E1E111F8A00030346 /* Base */,
			);
			name = Main.storyboard;
			sourceTree = "<group>";
		};
		3B6499221E111F8A00030346 /* LaunchScreen.storyboard */ = {
			isa = PBXVariantGroup;
			children = (
				3B6499231E111F8A00030346 /* Base */,
			);
			name = LaunchScreen.storyboard;
			sourceTree = "<group>";
		};
/* End PBXVariantGroup section */

/* Begin XCBuildConfiguration section */
		3B6499261E111F8A00030346 /* Debug */ = {
			isa = XCBuildConfiguration;
			buildSettings = {
				ALWAYS_SEARCH_USER_PATHS = NO;
				CLANG_ANALYZER_NONNULL = YES;
				CLANG_CXX_LANGUAGE_STANDARD = "gnu++0x";
				CLANG_CXX_LIBRARY = "libc++";
				CLANG_ENABLE_MODULES = YES;
				CLANG_ENABLE_OBJC_ARC = YES;
				CLANG_WARN_BOOL_CONVERSION = YES;
				CLANG_WARN_CONSTANT_CONVERSION = YES;
				CLANG_WARN_DIRECT_OBJC_ISA_USAGE = YES_ERROR;
				CLANG_WARN_DOCUMENTATION_COMMENTS = YES;
				CLANG_WARN_EMPTY_BODY = YES;
				CLANG_WARN_ENUM_CONVERSION = YES;
				CLANG_WARN_INFINITE_RECURSION = YES;
				CLANG_WARN_INT_CONVERSION = YES;
				CLANG_WARN_OBJC_ROOT_CLASS = YES_ERROR;
				CLANG_WARN_SUSPICIOUS_MOVE = YES;
				CLANG_WARN_UNREACHABLE_CODE = YES;
				CLANG_WARN__DUPLICATE_METHOD_MATCH = YES;
				"CODE_SIGN_IDENTITY[sdk=iphoneos*]" = "iPhone Developer";
				COPY_PHASE_STRIP = NO;
				DEBUG_INFORMATION_FORMAT = dwarf;
				ENABLE_STRICT_OBJC_MSGSEND = YES;
				ENABLE_TESTABILITY = YES;
				GCC_C_LANGUAGE_STANDARD = gnu99;
				GCC_DYNAMIC_NO_PIC = NO;
				GCC_NO_COMMON_BLOCKS = YES;
				GCC_OPTIMIZATION_LEVEL = 0;
				GCC_PREPROCESSOR_DEFINITIONS = (
					"DEBUG=1",
					"$(inherited)",
				);
				GCC_WARN_64_TO_32_BIT_CONVERSION = YES;
				GCC_WARN_ABOUT_RETURN_TYPE = YES_ERROR;
				GCC_WARN_UNDECLARED_SELECTOR = YES;
				GCC_WARN_UNINITIALIZED_AUTOS = YES_AGGRESSIVE;
				GCC_WARN_UNUSED_FUNCTION = YES;
				GCC_WARN_UNUSED_VARIABLE = YES;
				IPHONEOS_DEPLOYMENT_TARGET = 10.2;
				MTL_ENABLE_DEBUG_INFO = YES;
				ONLY_ACTIVE_ARCH = YES;
				SDKROOT = iphoneos;
				SWIFT_ACTIVE_COMPILATION_CONDITIONS = DEBUG;
				SWIFT_OPTIMIZATION_LEVEL = "-Onone";
				TARGETED_DEVICE_FAMILY = "1,2";
			};
			name = Debug;
		};
		3B6499271E111F8A00030346 /* Release */ = {
			isa = XCBuildConfiguration;
			buildSettings = {
				ALWAYS_SEARCH_USER_PATHS = NO;
				CLANG_ANALYZER_NONNULL = YES;
				CLANG_CXX_LANGUAGE_STANDARD = "gnu++0x";
				CLANG_CXX_LIBRARY = "libc++";
				CLANG_ENABLE_MODULES = YES;
				CLANG_ENABLE_OBJC_ARC = YES;
				CLANG_WARN_BOOL_CONVERSION = YES;
				CLANG_WARN_CONSTANT_CONVERSION = YES;
				CLANG_WARN_DIRECT_OBJC_ISA_USAGE = YES_ERROR;
				CLANG_WARN_DOCUMENTATION_COMMENTS = YES;
				CLANG_WARN_EMPTY_BODY = YES;
				CLANG_WARN_ENUM_CONVERSION = YES;
				CLANG_WARN_INFINITE_RECURSION = YES;
				CLANG_WARN_INT_CONVERSION = YES;
				CLANG_WARN_OBJC_ROOT_CLASS = YES_ERROR;
				CLANG_WARN_SUSPICIOUS_MOVE = YES;
				CLANG_WARN_UNREACHABLE_CODE = YES;
				CLANG_WARN__DUPLICATE_METHOD_MATCH = YES;
				"CODE_SIGN_IDENTITY[sdk=iphoneos*]" = "iPhone Developer";
				COPY_PHASE_STRIP = NO;
				DEBUG_INFORMATION_FORMAT = "dwarf-with-dsym";
				ENABLE_NS_ASSERTIONS = NO;
				ENABLE_STRICT_OBJC_MSGSEND = YES;
				GCC_C_LANGUAGE_STANDARD = gnu99;
				GCC_NO_COMMON_BLOCKS = YES;
				GCC_WARN_64_TO_32_BIT_CONVERSION = YES;
				GCC_WARN_ABOUT_RETURN_TYPE = YES_ERROR;
				GCC_WARN_UNDECLARED_SELECTOR = YES;
				GCC_WARN_UNINITIALIZED_AUTOS = YES_AGGRESSIVE;
				GCC_WARN_UNUSED_FUNCTION = YES;
				GCC_WARN_UNUSED_VARIABLE = YES;
				IPHONEOS_DEPLOYMENT_TARGET = 10.2;
				MTL_ENABLE_DEBUG_INFO = NO;
				SDKROOT = iphoneos;
				SWIFT_OPTIMIZATION_LEVEL = "-Owholemodule";
				TARGETED_DEVICE_FAMILY = "1,2";
				VALIDATE_PRODUCT = YES;
			};
			name = Release;
		};
		3B6499291E111F8A00030346 /* Debug */ = {
			isa = XCBuildConfiguration;
			buildSettings = {
				ASSETCATALOG_COMPILER_APPICON_NAME = AppIcon;
				INFOPLIST_FILE = ZeroExtension/Info.plist;
				IPHONEOS_DEPLOYMENT_TARGET = 8.0;
				LD_RUNPATH_SEARCH_PATHS = "$(inherited) @executable_path/Frameworks";
				PRODUCT_BUNDLE_IDENTIFIER = com.zero.ZeroExtension;
				PRODUCT_NAME = "$(TARGET_NAME)";
				SWIFT_OBJC_BRIDGING_HEADER = ZeroExtension/ZeroExtension.h;
				SWIFT_VERSION = 2.3;
			};
			name = Debug;
		};
		3B64992A1E111F8A00030346 /* Release */ = {
			isa = XCBuildConfiguration;
			buildSettings = {
				ASSETCATALOG_COMPILER_APPICON_NAME = AppIcon;
				INFOPLIST_FILE = ZeroExtension/Info.plist;
				IPHONEOS_DEPLOYMENT_TARGET = 8.0;
				LD_RUNPATH_SEARCH_PATHS = "$(inherited) @executable_path/Frameworks";
				PRODUCT_BUNDLE_IDENTIFIER = com.zero.ZeroExtension;
				PRODUCT_NAME = "$(TARGET_NAME)";
				SWIFT_OBJC_BRIDGING_HEADER = ZeroExtension/ZeroExtension.h;
				SWIFT_VERSION = 2.3;
			};
			name = Release;
		};
/* End XCBuildConfiguration section */

/* Begin XCConfigurationList section */
		3B6499111E111F8A00030346 /* Build configuration list for PBXProject "ZeroExtension" */ = {
			isa = XCConfigurationList;
			buildConfigurations = (
				3B6499261E111F8A00030346 /* Debug */,
				3B6499271E111F8A00030346 /* Release */,
			);
			defaultConfigurationIsVisible = 0;
			defaultConfigurationName = Release;
		};
		3B6499281E111F8A00030346 /* Build configuration list for PBXNativeTarget "ZeroExtension" */ = {
			isa = XCConfigurationList;
			buildConfigurations = (
				3B6499291E111F8A00030346 /* Debug */,
				3B64992A1E111F8A00030346 /* Release */,
			);
			defaultConfigurationIsVisible = 0;
			defaultConfigurationName = Release;
		};
/* End XCConfigurationList section */
	};
	rootObject = 3B64990E1E111F8A00030346 /* Project object */;
}
